// !$*UTF8*$!
{
	archiveVersion = 1;
	classes = {
	};
	objectVersion = 50;
	objects = {

/* Begin PBXBuildFile section */
		1FDE71F525EF5E2D00440E36 /* AppDelegate.swift in Sources */ = {isa = PBXBuildFile; fileRef = 1FDE71F425EF5E2D00440E36 /* AppDelegate.swift */; };
		1FDE71F725EF5E2D00440E36 /* SceneDelegate.swift in Sources */ = {isa = PBXBuildFile; fileRef = 1FDE71F625EF5E2D00440E36 /* SceneDelegate.swift */; };
		1FDE71F925EF5E2D00440E36 /* ViewController.swift in Sources */ = {isa = PBXBuildFile; fileRef = 1FDE71F825EF5E2D00440E36 /* ViewController.swift */; };
		1FDE71FC25EF5E2D00440E36 /* Main.storyboard in Resources */ = {isa = PBXBuildFile; fileRef = 1FDE71FA25EF5E2D00440E36 /* Main.storyboard */; };
		1FDE71FE25EF5E2E00440E36 /* Assets.xcassets in Resources */ = {isa = PBXBuildFile; fileRef = 1FDE71FD25EF5E2E00440E36 /* Assets.xcassets */; };
		1FDE720125EF5E2E00440E36 /* LaunchScreen.storyboard in Resources */ = {isa = PBXBuildFile; fileRef = 1FDE71FF25EF5E2E00440E36 /* LaunchScreen.storyboard */; };
		1FDE720A25EF5F2C00440E36 /* QuizViewController.swift in Sources */ = {isa = PBXBuildFile; fileRef = 1FDE720925EF5F2C00440E36 /* QuizViewController.swift */; };
		1FDE720D25EF5FB600440E36 /* ScoreViewController.swift in Sources */ = {isa = PBXBuildFile; fileRef = 1FDE720C25EF5FB600440E36 /* ScoreViewController.swift */; };
		1FDE721025EF62F100440E36 /* quiz.csv in Resources */ = {isa = PBXBuildFile; fileRef = 1FDE720F25EF62F100440E36 /* quiz.csv */; };
		1FDE721525EFE15600440E36 /* correct.png in Resources */ = {isa = PBXBuildFile; fileRef = 1FDE721325EFE15600440E36 /* correct.png */; };
		1FDE721625EFE15600440E36 /* incorrect.png in Resources */ = {isa = PBXBuildFile; fileRef = 1FDE721425EFE15600440E36 /* incorrect.png */; };
/* End PBXBuildFile section */

/* Begin PBXFileReference section */
		1FDE71F125EF5E2D00440E36 /* QuizApp.app */ = {isa = PBXFileReference; explicitFileType = wrapper.application; includeInIndex = 0; path = QuizApp.app; sourceTree = BUILT_PRODUCTS_DIR; };
		1FDE71F425EF5E2D00440E36 /* AppDelegate.swift */ = {isa = PBXFileReference; lastKnownFileType = sourcecode.swift; path = AppDelegate.swift; sourceTree = "<group>"; };
		1FDE71F625EF5E2D00440E36 /* SceneDelegate.swift */ = {isa = PBXFileReference; lastKnownFileType = sourcecode.swift; path = SceneDelegate.swift; sourceTree = "<group>"; };
		1FDE71F825EF5E2D00440E36 /* ViewController.swift */ = {isa = PBXFileReference; lastKnownFileType = sourcecode.swift; path = ViewController.swift; sourceTree = "<group>"; };
		1FDE71FB25EF5E2D00440E36 /* Base */ = {isa = PBXFileReference; lastKnownFileType = file.storyboard; name = Base; path = Base.lproj/Main.storyboard; sourceTree = "<group>"; };
		1FDE71FD25EF5E2E00440E36 /* Assets.xcassets */ = {isa = PBXFileReference; lastKnownFileType = folder.assetcatalog; path = Assets.xcassets; sourceTree = "<group>"; };
		1FDE720025EF5E2E00440E36 /* Base */ = {isa = PBXFileReference; lastKnownFileType = file.storyboard; name = Base; path = Base.lproj/LaunchScreen.storyboard; sourceTree = "<group>"; };
		1FDE720225EF5E2E00440E36 /* Info.plist */ = {isa = PBXFileReference; lastKnownFileType = text.plist.xml; path = Info.plist; sourceTree = "<group>"; };
		1FDE720925EF5F2C00440E36 /* QuizViewController.swift */ = {isa = PBXFileReference; lastKnownFileType = sourcecode.swift; path = QuizViewController.swift; sourceTree = "<group>"; };
		1FDE720C25EF5FB600440E36 /* ScoreViewController.swift */ = {isa = PBXFileReference; lastKnownFileType = sourcecode.swift; path = ScoreViewController.swift; sourceTree = "<group>"; };
		1FDE720F25EF62F100440E36 /* quiz.csv */ = {isa = PBXFileReference; lastKnownFileType = text; path = quiz.csv; sourceTree = "<group>"; };
		1FDE721325EFE15600440E36 /* correct.png */ = {isa = PBXFileReference; lastKnownFileType = image.png; path = correct.png; sourceTree = "<group>"; };
		1FDE721425EFE15600440E36 /* incorrect.png */ = {isa = PBXFileReference; lastKnownFileType = image.png; path = incorrect.png; sourceTree = "<group>"; };
/* End PBXFileReference section */

/* Begin PBXFrameworksBuildPhase section */
		1FDE71EE25EF5E2D00440E36 /* Frameworks */ = {
			isa = PBXFrameworksBuildPhase;
			buildActionMask = 2147483647;
			files = (
			);
			runOnlyForDeploymentPostprocessing = 0;
		};
/* End PBXFrameworksBuildPhase section */

/* Begin PBXGroup section */
		1FDE71E825EF5E2D00440E36 = {
			isa = PBXGroup;
			children = (
				1FDE71F325EF5E2D00440E36 /* QuizApp */,
				1FDE71F225EF5E2D00440E36 /* Products */,
			);
			sourceTree = "<group>";
		};
		1FDE71F225EF5E2D00440E36 /* Products */ = {
			isa = PBXGroup;
			children = (
				1FDE71F125EF5E2D00440E36 /* QuizApp.app */,
			);
			name = Products;
			sourceTree = "<group>";
		};
		1FDE71F325EF5E2D00440E36 /* QuizApp */ = {
			isa = PBXGroup;
			children = (
				1FDE71F425EF5E2D00440E36 /* AppDelegate.swift */,
				1FDE71F625EF5E2D00440E36 /* SceneDelegate.swift */,
				1FDE71F825EF5E2D00440E36 /* ViewController.swift */,
				1FDE71FA25EF5E2D00440E36 /* Main.storyboard */,
				1FDE720C25EF5FB600440E36 /* ScoreViewController.swift */,
				1FDE720925EF5F2C00440E36 /* QuizViewController.swift */,
				1FDE720F25EF62F100440E36 /* quiz.csv */,
				1FDE71FD25EF5E2E00440E36 /* Assets.xcassets */,
				1FDE721225EFE15600440E36 /* image */,
				1FDE71FF25EF5E2E00440E36 /* LaunchScreen.storyboard */,
				1FDE720225EF5E2E00440E36 /* Info.plist */,
			);
			path = QuizApp;
			sourceTree = "<group>";
		};
		1FDE721225EFE15600440E36 /* image */ = {
			isa = PBXGroup;
			children = (
				1FDE721325EFE15600440E36 /* correct.png */,
				1FDE721425EFE15600440E36 /* incorrect.png */,
			);
			path = image;
			sourceTree = SOURCE_ROOT;
		};
/* End PBXGroup section */

/* Begin PBXNativeTarget section */
		1FDE71F025EF5E2D00440E36 /* QuizApp */ = {
			isa = PBXNativeTarget;
			buildConfigurationList = 1FDE720525EF5E2E00440E36 /* Build configuration list for PBXNativeTarget "QuizApp" */;
			buildPhases = (
				1FDE71ED25EF5E2D00440E36 /* Sources */,
				1FDE71EE25EF5E2D00440E36 /* Frameworks */,
				1FDE71EF25EF5E2D00440E36 /* Resources */,
			);
			buildRules = (
			);
			dependencies = (
			);
			name = QuizApp;
			productName = QuizApp;
			productReference = 1FDE71F125EF5E2D00440E36 /* QuizApp.app */;
			productType = "com.apple.product-type.application";
		};
/* End PBXNativeTarget section */

/* Begin PBXProject section */
		1FDE71E925EF5E2D00440E36 /* Project object */ = {
			isa = PBXProject;
			attributes = {
				LastSwiftUpdateCheck = 1240;
				LastUpgradeCheck = 1240;
				TargetAttributes = {
					1FDE71F025EF5E2D00440E36 = {
						CreatedOnToolsVersion = 12.4;
					};
				};
			};
			buildConfigurationList = 1FDE71EC25EF5E2D00440E36 /* Build configuration list for PBXProject "QuizApp" */;
			compatibilityVersion = "Xcode 9.3";
			developmentRegion = en;
			hasScannedForEncodings = 0;
			knownRegions = (
				en,
				Base,
			);
			mainGroup = 1FDE71E825EF5E2D00440E36;
			productRefGroup = 1FDE71F225EF5E2D00440E36 /* Products */;
			projectDirPath = "";
			projectRoot = "";
			targets = (
				1FDE71F025EF5E2D00440E36 /* QuizApp */,
			);
		};
/* End PBXProject section */

/* Begin PBXResourcesBuildPhase section */
		1FDE71EF25EF5E2D00440E36 /* Resources */ = {
			isa = PBXResourcesBuildPhase;
			buildActionMask = 2147483647;
			files = (
				1FDE721525EFE15600440E36 /* correct.png in Resources */,
				1FDE721625EFE15600440E36 /* incorrect.png in Resources */,
				1FDE720125EF5E2E00440E36 /* LaunchScreen.storyboard in Resources */,
				1FDE71FE25EF5E2E00440E36 /* Assets.xcassets in Resources */,
				1FDE71FC25EF5E2D00440E36 /* Main.storyboard in Resources */,
				1FDE721025EF62F100440E36 /* quiz.csv in Resources */,
			);
			runOnlyForDeploymentPostprocessing = 0;
		};
/* End PBXResourcesBuildPhase section */

/* Begin PBXSourcesBuildPhase section */
		1FDE71ED25EF5E2D00440E36 /* Sources */ = {
			isa = PBXSourcesBuildPhase;
			buildActionMask = 2147483647;
			files = (
				1FDE71F925EF5E2D00440E36 /* ViewController.swift in Sources */,
				1FDE71F525EF5E2D00440E36 /* AppDelegate.swift in Sources */,
				1FDE720D25EF5FB600440E36 /* ScoreViewController.swift in Sources */,
				1FDE71F725EF5E2D00440E36 /* SceneDelegate.swift in Sources */,
				1FDE720A25EF5F2C00440E36 /* QuizViewController.swift in Sources */,
			);
			runOnlyForDeploymentPostprocessing = 0;
		};
/* End PBXSourcesBuildPhase section */

/* Begin PBXVariantGroup section */
		1FDE71FA25EF5E2D00440E36 /* Main.storyboard */ = {
			isa = PBXVariantGroup;
			children = (
				1FDE71FB25EF5E2D00440E36 /* Base */,
			);
			name = Main.storyboard;
			sourceTree = "<group>";
		};
		1FDE71FF25EF5E2E00440E36 /* LaunchScreen.storyboard */ = {
			isa = PBXVariantGroup;
			children = (
				1FDE720025EF5E2E00440E36 /* Base */,
			);
			name = LaunchScreen.storyboard;
			sourceTree = "<group>";
		};
/* End PBXVariantGroup section */

/* Begin XCBuildConfiguration section */
		1FDE720325EF5E2E00440E36 /* Debug */ = {
			isa = XCBuildConfiguration;
			buildSettings = {
				ALWAYS_SEARCH_USER_PATHS = NO;
				CLANG_ANALYZER_NONNULL = YES;
				CLANG_ANALYZER_NUMBER_OBJECT_CONVERSION = YES_AGGRESSIVE;
				CLANG_CXX_LANGUAGE_STANDARD = "gnu++14";
				CLANG_CXX_LIBRARY = "libc++";
				CLANG_ENABLE_MODULES = YES;
				CLANG_ENABLE_OBJC_ARC = YES;
				CLANG_ENABLE_OBJC_WEAK = YES;
				CLANG_WARN_BLOCK_CAPTURE_AUTORELEASING = YES;
				CLANG_WARN_BOOL_CONVERSION = YES;
				CLANG_WARN_COMMA = YES;
				CLANG_WARN_CONSTANT_CONVERSION = YES;
				CLANG_WARN_DEPRECATED_OBJC_IMPLEMENTATIONS = YES;
				CLANG_WARN_DIRECT_OBJC_ISA_USAGE = YES_ERROR;
				CLANG_WARN_DOCUMENTATION_COMMENTS = YES;
				CLANG_WARN_EMPTY_BODY = YES;
				CLANG_WARN_ENUM_CONVERSION = YES;
				CLANG_WARN_INFINITE_RECURSION = YES;
				CLANG_WARN_INT_CONVERSION = YES;
				CLANG_WARN_NON_LITERAL_NULL_CONVERSION = YES;
				CLANG_WARN_OBJC_IMPLICIT_RETAIN_SELF = YES;
				CLANG_WARN_OBJC_LITERAL_CONVERSION = YES;
				CLANG_WARN_OBJC_ROOT_CLASS = YES_ERROR;
				CLANG_WARN_QUOTED_INCLUDE_IN_FRAMEWORK_HEADER = YES;
				CLANG_WARN_RANGE_LOOP_ANALYSIS = YES;
				CLANG_WARN_STRICT_PROTOTYPES = YES;
				CLANG_WARN_SUSPICIOUS_MOVE = YES;
				CLANG_WARN_UNGUARDED_AVAILABILITY = YES_AGGRESSIVE;
				CLANG_WARN_UNREACHABLE_CODE = YES;
				CLANG_WARN__DUPLICATE_METHOD_MATCH = YES;
				COPY_PHASE_STRIP = NO;
				DEBUG_INFORMATION_FORMAT = dwarf;
				ENABLE_STRICT_OBJC_MSGSEND = YES;
				ENABLE_TESTABILITY = YES;
				GCC_C_LANGUAGE_STANDARD = gnu11;
				GCC_DYNAMIC_NO_PIC = NO;
				GCC_NO_COMMON_BLOCKS = YES;
				GCC_OPTIMIZATION_LEVEL = 0;
				GCC_PREPROCESSOR_DEFINITIONS = (
					"DEBUG=1",
					"$(inherited)",
				);
				GCC_WARN_64_TO_32_BIT_CONVERSION = YES;
				GCC_WARN_ABOUT_RETURN_TYPE = YES_ERROR;
				GCC_WARN_UNDECLARED_SELECTOR = YES;
				GCC_WARN_UNINITIALIZED_AUTOS = YES_AGGRESSIVE;
				GCC_WARN_UNUSED_FUNCTION = YES;
				GCC_WARN_UNUSED_VARIABLE = YES;
				IPHONEOS_DEPLOYMENT_TARGET = 14.4;
				MTL_ENABLE_DEBUG_INFO = INCLUDE_SOURCE;
				MTL_FAST_MATH = YES;
				ONLY_ACTIVE_ARCH = YES;
				SDKROOT = iphoneos;
				SWIFT_ACTIVE_COMPILATION_CONDITIONS = DEBUG;
				SWIFT_OPTIMIZATION_LEVEL = "-Onone";
			};
			name = Debug;
		};
		1FDE720425EF5E2E00440E36 /* Release */ = {
			isa = XCBuildConfiguration;
			buildSettings = {
				ALWAYS_SEARCH_USER_PATHS = NO;
				CLANG_ANALYZER_NONNULL = YES;
				CLANG_ANALYZER_NUMBER_OBJECT_CONVERSION = YES_AGGRESSIVE;
				CLANG_CXX_LANGUAGE_STANDARD = "gnu++14";
				CLANG_CXX_LIBRARY = "libc++";
				CLANG_ENABLE_MODULES = YES;
				CLANG_ENABLE_OBJC_ARC = YES;
				CLANG_ENABLE_OBJC_WEAK = YES;
				CLANG_WARN_BLOCK_CAPTURE_AUTORELEASING = YES;
				CLANG_WARN_BOOL_CONVERSION = YES;
				CLANG_WARN_COMMA = YES;
				CLANG_WARN_CONSTANT_CONVERSION = YES;
				CLANG_WARN_DEPRECATED_OBJC_IMPLEMENTATIONS = YES;
				CLANG_WARN_DIRECT_OBJC_ISA_USAGE = YES_ERROR;
				CLANG_WARN_DOCUMENTATION_COMMENTS = YES;
				CLANG_WARN_EMPTY_BODY = YES;
				CLANG_WARN_ENUM_CONVERSION = YES;
				CLANG_WARN_INFINITE_RECURSION = YES;
				CLANG_WARN_INT_CONVERSION = YES;
				CLANG_WARN_NON_LITERAL_NULL_CONVERSION = YES;
				CLANG_WARN_OBJC_IMPLICIT_RETAIN_SELF = YES;
				CLANG_WARN_OBJC_LITERAL_CONVERSION = YES;
				CLANG_WARN_OBJC_ROOT_CLASS = YES_ERROR;
				CLANG_WARN_QUOTED_INCLUDE_IN_FRAMEWORK_HEADER = YES;
				CLANG_WARN_RANGE_LOOP_ANALYSIS = YES;
				CLANG_WARN_STRICT_PROTOTYPES = YES;
				CLANG_WARN_SUSPICIOUS_MOVE = YES;
				CLANG_WARN_UNGUARDED_AVAILABILITY = YES_AGGRESSIVE;
				CLANG_WARN_UNREACHABLE_CODE = YES;
				CLANG_WARN__DUPLICATE_METHOD_MATCH = YES;
				COPY_PHASE_STRIP = NO;
				DEBUG_INFORMATION_FORMAT = "dwarf-with-dsym";
				ENABLE_NS_ASSERTIONS = NO;
				ENABLE_STRICT_OBJC_MSGSEND = YES;
				GCC_C_LANGUAGE_STANDARD = gnu11;
				GCC_NO_COMMON_BLOCKS = YES;
				GCC_WARN_64_TO_32_BIT_CONVERSION = YES;
				GCC_WARN_ABOUT_RETURN_TYPE = YES_ERROR;
				GCC_WARN_UNDECLARED_SELECTOR = YES;
				GCC_WARN_UNINITIALIZED_AUTOS = YES_AGGRESSIVE;
				GCC_WARN_UNUSED_FUNCTION = YES;
				GCC_WARN_UNUSED_VARIABLE = YES;
				IPHONEOS_DEPLOYMENT_TARGET = 14.4;
				MTL_ENABLE_DEBUG_INFO = NO;
				MTL_FAST_MATH = YES;
				SDKROOT = iphoneos;
				SWIFT_COMPILATION_MODE = wholemodule;
				SWIFT_OPTIMIZATION_LEVEL = "-O";
				VALIDATE_PRODUCT = YES;
			};
			name = Release;
		};
		1FDE720625EF5E2E00440E36 /* Debug */ = {
			isa = XCBuildConfiguration;
			buildSettings = {
				ASSETCATALOG_COMPILER_APPICON_NAME = AppIcon;
				ASSETCATALOG_COMPILER_GLOBAL_ACCENT_COLOR_NAME = AccentColor;
				CODE_SIGN_STYLE = Automatic;
				DEVELOPMENT_TEAM = J45RNJJ7N3;
				INFOPLIST_FILE = QuizApp/Info.plist;
				LD_RUNPATH_SEARCH_PATHS = (
					"$(inherited)",
					"@executable_path/Frameworks",
				);
				PRODUCT_BUNDLE_IDENTIFIER = com.ryusuke.QuizApp;
				PRODUCT_NAME = "$(TARGET_NAME)";
				SWIFT_VERSION = 5.0;
				TARGETED_DEVICE_FAMILY = "1,2";
			};
			name = Debug;
		};
		1FDE720725EF5E2E00440E36 /* Release */ = {
			isa = XCBuildConfiguration;
			buildSettings = {
				ASSETCATALOG_COMPILER_APPICON_NAME = AppIcon;
				ASSETCATALOG_COMPILER_GLOBAL_ACCENT_COLOR_NAME = AccentColor;
				CODE_SIGN_STYLE = Automatic;
				DEVELOPMENT_TEAM = J45RNJJ7N3;
				INFOPLIST_FILE = QuizApp/Info.plist;
				LD_RUNPATH_SEARCH_PATHS = (
					"$(inherited)",
					"@executable_path/Frameworks",
				);
				PRODUCT_BUNDLE_IDENTIFIER = com.ryusuke.QuizApp;
				PRODUCT_NAME = "$(TARGET_NAME)";
				SWIFT_VERSION = 5.0;
				TARGETED_DEVICE_FAMILY = "1,2";
			};
			name = Release;
		};
/* End XCBuildConfiguration section */

/* Begin XCConfigurationList section */
		1FDE71EC25EF5E2D00440E36 /* Build configuration list for PBXProject "QuizApp" */ = {
			isa = XCConfigurationList;
			buildConfigurations = (
				1FDE720325EF5E2E00440E36 /* Debug */,
				1FDE720425EF5E2E00440E36 /* Release */,
			);
			defaultConfigurationIsVisible = 0;
			defaultConfigurationName = Release;
		};
		1FDE720525EF5E2E00440E36 /* Build configuration list for PBXNativeTarget "QuizApp" */ = {
			isa = XCConfigurationList;
			buildConfigurations = (
				1FDE720625EF5E2E00440E36 /* Debug */,
				1FDE720725EF5E2E00440E36 /* Release */,
			);
			defaultConfigurationIsVisible = 0;
			defaultConfigurationName = Release;
		};
/* End XCConfigurationList section */
	};
	rootObject = 1FDE71E925EF5E2D00440E36 /* Project object */;
}
